
Microsoft Visual Studio Solution File, Format Version 12.00
# Visual Studio Version 17
VisualStudioVersion = 17.11.35219.272
MinimumVisualStudioVersion = 10.0.40219.1
Project("{9A19103F-16F7-4668-BE54-9A1E7A4F7556}") = "Producer", "Producer\Producer.csproj", "{5F5D31BA-1695-4B41-BC60-6C7B01BA3618}"
EndProject
Project("{FAE04EC0-301F-11D3-BF4B-00C04F79EFBC}") = "StubService", "StubService\StubService.csproj", "{F4009088-52A0-4E28-94BF-40CB410FFD06}"
EndProject
Global
	GlobalSection(SolutionConfigurationPlatforms) = preSolution
		Debug|Any CPU = Debug|Any CPU
		Release|Any CPU = Release|Any CPU
	EndGlobalSection
	GlobalSection(ProjectConfigurationPlatforms) = postSolution
		{5F5D31BA-1695-4B41-BC60-6C7B01BA3618}.Debug|Any CPU.ActiveCfg = Debug|Any CPU
		{5F5D31BA-1695-4B41-BC60-6C7B01BA3618}.Debug|Any CPU.Build.0 = Debug|Any CPU
		{5F5D31BA-1695-4B41-BC60-6C7B01BA3618}.Release|Any CPU.ActiveCfg = Release|Any CPU
		{5F5D31BA-1695-4B41-BC60-6C7B01BA3618}.Release|Any CPU.Build.0 = Release|Any CPU
		{F4009088-52A0-4E28-94BF-40CB410FFD06}.Debug|Any CPU.ActiveCfg = Debug|Any CPU
		{F4009088-52A0-4E28-94BF-40CB410FFD06}.Debug|Any CPU.Build.0 = Debug|Any CPU
		{F4009088-52A0-4E28-94BF-40CB410FFD06}.Release|Any CPU.ActiveCfg = Release|Any CPU
		{F4009088-52A0-4E28-94BF-40CB410FFD06}.Release|Any CPU.Build.0 = Release|Any CPU
	EndGlobalSection
	GlobalSection(SolutionProperties) = preSolution
		HideSolutionNode = FALSE
	EndGlobalSection
	GlobalSection(ExtensibilityGlobals) = postSolution
		SolutionGuid = {FB669E38-D12D-456A-B884-1F38273B1403}
	EndGlobalSection
EndGlobal
